
Microsoft Visual Studio Solution File, Format Version 12.00
# Visual Studio 15
VisualStudioVersion = 15.0.27428.2027
MinimumVisualStudioVersion = 10.0.40219.1
Project("{FAE04EC0-301F-11D3-BF4B-00C04F79EFBC}") = "Quiz.me", "Quiz.me\Quiz.me.csproj", "{BB678756-7AA0-4409-B846-97E6BCB32BF3}"
EndProject
Global
	GlobalSection(SolutionConfigurationPlatforms) = preSolution
		Debug|Any CPU = Debug|Any CPU
		Release|Any CPU = Release|Any CPU
	EndGlobalSection
	GlobalSection(ProjectConfigurationPlatforms) = postSolution
		{BB678756-7AA0-4409-B846-97E6BCB32BF3}.Debug|Any CPU.ActiveCfg = Debug|Any CPU
		{BB678756-7AA0-4409-B846-97E6BCB32BF3}.Debug|Any CPU.Build.0 = Debug|Any CPU
		{BB678756-7AA0-4409-B846-97E6BCB32BF3}.Release|Any CPU.ActiveCfg = Release|Any CPU
		{BB678756-7AA0-4409-B846-97E6BCB32BF3}.Release|Any CPU.Build.0 = Release|Any CPU
	EndGlobalSection
	GlobalSection(SolutionProperties) = preSolution
		HideSolutionNode = FALSE
	EndGlobalSection
	GlobalSection(ExtensibilityGlobals) = postSolution
		SolutionGuid = {2171AA91-E4E1-4511-AADE-6BD773335248}
	EndGlobalSection
EndGlobal
